
Microsoft Visual Studio Solution File, Format Version 12.00
# Visual Studio Version 16
VisualStudioVersion = 16.0.31205.134
MinimumVisualStudioVersion = 10.0.40219.1
Project("{FAE04EC0-301F-11D3-BF4B-00C04F79EFBC}") = "RetryAdo2", "RetryAdo2\RetryAdo2.csproj", "{91E0850F-1D54-4546-A5BD-95BE595B3CAE}"
EndProject
Global
	GlobalSection(SolutionConfigurationPlatforms) = preSolution
		Debug|Any CPU = Debug|Any CPU
		Release|Any CPU = Release|Any CPU
	EndGlobalSection
	GlobalSection(ProjectConfigurationPlatforms) = postSolution
		{91E0850F-1D54-4546-A5BD-95BE595B3CAE}.Debug|Any CPU.ActiveCfg = Debug|Any CPU
		{91E0850F-1D54-4546-A5BD-95BE595B3CAE}.Debug|Any CPU.Build.0 = Debug|Any CPU
		{91E0850F-1D54-4546-A5BD-95BE595B3CAE}.Release|Any CPU.ActiveCfg = Release|Any CPU
		{91E0850F-1D54-4546-A5BD-95BE595B3CAE}.Release|Any CPU.Build.0 = Release|Any CPU
	EndGlobalSection
	GlobalSection(SolutionProperties) = preSolution
		HideSolutionNode = FALSE
	EndGlobalSection
	GlobalSection(ExtensibilityGlobals) = postSolution
		SolutionGuid = {60C42F17-F6CE-4C06-B09E-B65D7A1D6AC0}
	EndGlobalSection
EndGlobal
